// !$*UTF8*$!
{
	archiveVersion = 1;
	classes = {
	};
	objectVersion = 56;
	objects = {

/* Begin PBXBuildFile section */
		7C467C422B51E80700CD5534 /* Income.swift in Sources */ = {isa = PBXBuildFile; fileRef = 7C467C412B51E80700CD5534 /* Income.swift */; };
		7C467C442B51E83300CD5534 /* Bill.swift in Sources */ = {isa = PBXBuildFile; fileRef = 7C467C432B51E83300CD5534 /* Bill.swift */; };
		7C467C472B51E89E00CD5534 /* DashboardView.swift in Sources */ = {isa = PBXBuildFile; fileRef = 7C467C462B51E89E00CD5534 /* DashboardView.swift */; };
		7C467C492B51E8B800CD5534 /* IncomeListView.swift in Sources */ = {isa = PBXBuildFile; fileRef = 7C467C482B51E8B800CD5534 /* IncomeListView.swift */; };
		7C467C4B2B51E8C200CD5534 /* BillsListView.swift in Sources */ = {isa = PBXBuildFile; fileRef = 7C467C4A2B51E8C200CD5534 /* BillsListView.swift */; };
		7C467C4D2B51E8D000CD5534 /* AddIncomeView.swift in Sources */ = {isa = PBXBuildFile; fileRef = 7C467C4C2B51E8D000CD5534 /* AddIncomeView.swift */; };
		7C467C4F2B51E8DF00CD5534 /* AddBillView.swift in Sources */ = {isa = PBXBuildFile; fileRef = 7C467C4E2B51E8DF00CD5534 /* AddBillView.swift */; };
		7C467C512B51E8E900CD5534 /* SettingsView.swift in Sources */ = {isa = PBXBuildFile; fileRef = 7C467C502B51E8E900CD5534 /* SettingsView.swift */; };
		7C467C542B51E91300CD5534 /* DataPersistance.swift in Sources */ = {isa = PBXBuildFile; fileRef = 7C467C532B51E91300CD5534 /* DataPersistance.swift */; };
		7C467C5B2B51E9B200CD5534 /* MainTabView.swift in Sources */ = {isa = PBXBuildFile; fileRef = 7C467C5A2B51E9B200CD5534 /* MainTabView.swift */; };
		7C467C612B51EBE500CD5534 /* IncomeViewModel.swift in Sources */ = {isa = PBXBuildFile; fileRef = 7C467C602B51EBE500CD5534 /* IncomeViewModel.swift */; };
		7C467C632B51EBF200CD5534 /* BillViewModel.swift in Sources */ = {isa = PBXBuildFile; fileRef = 7C467C622B51EBF200CD5534 /* BillViewModel.swift */; };
		7C91A3C42B51E5F400234933 /* Xcode_ProjectApp.swift in Sources */ = {isa = PBXBuildFile; fileRef = 7C91A3C32B51E5F400234933 /* Xcode_ProjectApp.swift */; };
		7C91A3C62B51E5F400234933 /* ContentView.swift in Sources */ = {isa = PBXBuildFile; fileRef = 7C91A3C52B51E5F400234933 /* ContentView.swift */; };
		7C91A3C82B51E5F600234933 /* Assets.xcassets in Resources */ = {isa = PBXBuildFile; fileRef = 7C91A3C72B51E5F600234933 /* Assets.xcassets */; };
		7C91A3CB2B51E5F600234933 /* Preview Assets.xcassets in Resources */ = {isa = PBXBuildFile; fileRef = 7C91A3CA2B51E5F600234933 /* Preview Assets.xcassets */; };
/* End PBXBuildFile section */

/* Begin PBXFileReference section */
		7C467C412B51E80700CD5534 /* Income.swift */ = {isa = PBXFileReference; lastKnownFileType = sourcecode.swift; path = Income.swift; sourceTree = "<group>"; };
		7C467C432B51E83300CD5534 /* Bill.swift */ = {isa = PBXFileReference; lastKnownFileType = sourcecode.swift; path = Bill.swift; sourceTree = "<group>"; };
		7C467C462B51E89E00CD5534 /* DashboardView.swift */ = {isa = PBXFileReference; lastKnownFileType = sourcecode.swift; path = DashboardView.swift; sourceTree = "<group>"; };
		7C467C482B51E8B800CD5534 /* IncomeListView.swift */ = {isa = PBXFileReference; lastKnownFileType = sourcecode.swift; path = IncomeListView.swift; sourceTree = "<group>"; };
		7C467C4A2B51E8C200CD5534 /* BillsListView.swift */ = {isa = PBXFileReference; lastKnownFileType = sourcecode.swift; path = BillsListView.swift; sourceTree = "<group>"; };
		7C467C4C2B51E8D000CD5534 /* AddIncomeView.swift */ = {isa = PBXFileReference; lastKnownFileType = sourcecode.swift; path = AddIncomeView.swift; sourceTree = "<group>"; };
		7C467C4E2B51E8DF00CD5534 /* AddBillView.swift */ = {isa = PBXFileReference; lastKnownFileType = sourcecode.swift; path = AddBillView.swift; sourceTree = "<group>"; };
		7C467C502B51E8E900CD5534 /* SettingsView.swift */ = {isa = PBXFileReference; lastKnownFileType = sourcecode.swift; path = SettingsView.swift; sourceTree = "<group>"; };
		7C467C532B51E91300CD5534 /* DataPersistance.swift */ = {isa = PBXFileReference; lastKnownFileType = sourcecode.swift; path = DataPersistance.swift; sourceTree = "<group>"; };
		7C467C5A2B51E9B200CD5534 /* MainTabView.swift */ = {isa = PBXFileReference; lastKnownFileType = sourcecode.swift; path = MainTabView.swift; sourceTree = "<group>"; };
		7C467C602B51EBE500CD5534 /* IncomeViewModel.swift */ = {isa = PBXFileReference; lastKnownFileType = sourcecode.swift; path = IncomeViewModel.swift; sourceTree = "<group>"; };
		7C467C622B51EBF200CD5534 /* BillViewModel.swift */ = {isa = PBXFileReference; lastKnownFileType = sourcecode.swift; path = BillViewModel.swift; sourceTree = "<group>"; };
		7C91A3C02B51E5F400234933 /* Xcode Project.app */ = {isa = PBXFileReference; explicitFileType = wrapper.application; includeInIndex = 0; path = "Xcode Project.app"; sourceTree = BUILT_PRODUCTS_DIR; };
		7C91A3C32B51E5F400234933 /* Xcode_ProjectApp.swift */ = {isa = PBXFileReference; lastKnownFileType = sourcecode.swift; path = Xcode_ProjectApp.swift; sourceTree = "<group>"; };
		7C91A3C52B51E5F400234933 /* ContentView.swift */ = {isa = PBXFileReference; lastKnownFileType = sourcecode.swift; path = ContentView.swift; sourceTree = "<group>"; };
		7C91A3C72B51E5F600234933 /* Assets.xcassets */ = {isa = PBXFileReference; lastKnownFileType = folder.assetcatalog; path = Assets.xcassets; sourceTree = "<group>"; };
		7C91A3CA2B51E5F600234933 /* Preview Assets.xcassets */ = {isa = PBXFileReference; lastKnownFileType = folder.assetcatalog; path = "Preview Assets.xcassets"; sourceTree = "<group>"; };
/* End PBXFileReference section */

/* Begin PBXFrameworksBuildPhase section */
		7C91A3BD2B51E5F400234933 /* Frameworks */ = {
			isa = PBXFrameworksBuildPhase;
			buildActionMask = 2147483647;
			files = (
			);
			runOnlyForDeploymentPostprocessing = 0;
		};
/* End PBXFrameworksBuildPhase section */

/* Begin PBXGroup section */
		7C467C402B51E7E700CD5534 /* Models */ = {
			isa = PBXGroup;
			children = (
				7C467C412B51E80700CD5534 /* Income.swift */,
				7C467C432B51E83300CD5534 /* Bill.swift */,
			);
			path = Models;
			sourceTree = "<group>";
		};
		7C467C452B51E88900CD5534 /* Views */ = {
			isa = PBXGroup;
			children = (
				7C467C462B51E89E00CD5534 /* DashboardView.swift */,
				7C467C482B51E8B800CD5534 /* IncomeListView.swift */,
				7C467C4A2B51E8C200CD5534 /* BillsListView.swift */,
				7C467C4C2B51E8D000CD5534 /* AddIncomeView.swift */,
				7C467C4E2B51E8DF00CD5534 /* AddBillView.swift */,
				7C467C502B51E8E900CD5534 /* SettingsView.swift */,
				7C467C5A2B51E9B200CD5534 /* MainTabView.swift */,
			);
			path = Views;
			sourceTree = "<group>";
		};
		7C467C522B51E8F900CD5534 /* Helpers */ = {
			isa = PBXGroup;
			children = (
				7C467C532B51E91300CD5534 /* DataPersistance.swift */,
			);
			path = Helpers;
			sourceTree = "<group>";
		};
		7C467C5C2B51EA1800CD5534 /* Assets */ = {
			isa = PBXGroup;
			children = (
			);
			path = Assets;
			sourceTree = "<group>";
		};
		7C467C5F2B51EBC700CD5534 /* ViewModels */ = {
			isa = PBXGroup;
			children = (
				7C467C602B51EBE500CD5534 /* IncomeViewModel.swift */,
				7C467C622B51EBF200CD5534 /* BillViewModel.swift */,
			);
			path = ViewModels;
			sourceTree = "<group>";
		};
		7C91A3B72B51E5F400234933 = {
			isa = PBXGroup;
			children = (
				7C91A3C22B51E5F400234933 /* Xcode Project */,
				7C91A3C12B51E5F400234933 /* Products */,
			);
			sourceTree = "<group>";
		};
		7C91A3C12B51E5F400234933 /* Products */ = {
			isa = PBXGroup;
			children = (
				7C91A3C02B51E5F400234933 /* Xcode Project.app */,
			);
			name = Products;
			sourceTree = "<group>";
		};
		7C91A3C22B51E5F400234933 /* Xcode Project */ = {
			isa = PBXGroup;
			children = (
				7C91A3C32B51E5F400234933 /* Xcode_ProjectApp.swift */,
				7C91A3C52B51E5F400234933 /* ContentView.swift */,
				7C467C402B51E7E700CD5534 /* Models */,
				7C467C452B51E88900CD5534 /* Views */,
				7C467C522B51E8F900CD5534 /* Helpers */,
				7C467C5F2B51EBC700CD5534 /* ViewModels */,
				7C467C5C2B51EA1800CD5534 /* Assets */,
				7C91A3C92B51E5F600234933 /* Preview Content */,
				7C91A3C72B51E5F600234933 /* Assets.xcassets */,
			);
			path = "Xcode Project";
			sourceTree = "<group>";
		};
		7C91A3C92B51E5F600234933 /* Preview Content */ = {
			isa = PBXGroup;
			children = (
				7C91A3CA2B51E5F600234933 /* Preview Assets.xcassets */,
			);
			path = "Preview Content";
			sourceTree = "<group>";
		};
/* End PBXGroup section */

/* Begin PBXNativeTarget section */
		7C91A3BF2B51E5F400234933 /* Xcode Project */ = {
			isa = PBXNativeTarget;
			buildConfigurationList = 7C91A3CE2B51E5F600234933 /* Build configuration list for PBXNativeTarget "Xcode Project" */;
			buildPhases = (
				7C91A3BC2B51E5F400234933 /* Sources */,
				7C91A3BD2B51E5F400234933 /* Frameworks */,
				7C91A3BE2B51E5F400234933 /* Resources */,
			);
			buildRules = (
			);
			dependencies = (
			);
			name = "Xcode Project";
			productName = "Xcode Project";
			productReference = 7C91A3C02B51E5F400234933 /* Xcode Project.app */;
			productType = "com.apple.product-type.application";
		};
/* End PBXNativeTarget section */

/* Begin PBXProject section */
		7C91A3B82B51E5F400234933 /* Project object */ = {
			isa = PBXProject;
			attributes = {
				BuildIndependentTargetsInParallel = 1;
				LastSwiftUpdateCheck = 1520;
				LastUpgradeCheck = 1520;
				TargetAttributes = {
					7C91A3BF2B51E5F400234933 = {
						CreatedOnToolsVersion = 15.2;
					};
				};
			};
			buildConfigurationList = 7C91A3BB2B51E5F400234933 /* Build configuration list for PBXProject "Xcode Project" */;
			compatibilityVersion = "Xcode 14.0";
			developmentRegion = en;
			hasScannedForEncodings = 0;
			knownRegions = (
				en,
				Base,
			);
			mainGroup = 7C91A3B72B51E5F400234933;
			productRefGroup = 7C91A3C12B51E5F400234933 /* Products */;
			projectDirPath = "";
			projectRoot = "";
			targets = (
				7C91A3BF2B51E5F400234933 /* Xcode Project */,
			);
		};
/* End PBXProject section */

/* Begin PBXResourcesBuildPhase section */
		7C91A3BE2B51E5F400234933 /* Resources */ = {
			isa = PBXResourcesBuildPhase;
			buildActionMask = 2147483647;
			files = (
				7C91A3CB2B51E5F600234933 /* Preview Assets.xcassets in Resources */,
				7C91A3C82B51E5F600234933 /* Assets.xcassets in Resources */,
			);
			runOnlyForDeploymentPostprocessing = 0;
		};
/* End PBXResourcesBuildPhase section */

/* Begin PBXSourcesBuildPhase section */
		7C91A3BC2B51E5F400234933 /* Sources */ = {
			isa = PBXSourcesBuildPhase;
			buildActionMask = 2147483647;
			files = (
				7C467C4F2B51E8DF00CD5534 /* AddBillView.swift in Sources */,
				7C467C442B51E83300CD5534 /* Bill.swift in Sources */,
				7C467C632B51EBF200CD5534 /* BillViewModel.swift in Sources */,
				7C91A3C62B51E5F400234933 /* ContentView.swift in Sources */,
				7C467C612B51EBE500CD5534 /* IncomeViewModel.swift in Sources */,
				7C467C5B2B51E9B200CD5534 /* MainTabView.swift in Sources */,
				7C467C542B51E91300CD5534 /* DataPersistance.swift in Sources */,
				7C467C472B51E89E00CD5534 /* DashboardView.swift in Sources */,
				7C467C492B51E8B800CD5534 /* IncomeListView.swift in Sources */,
				7C467C512B51E8E900CD5534 /* SettingsView.swift in Sources */,
				7C467C4B2B51E8C200CD5534 /* BillsListView.swift in Sources */,
				7C467C4D2B51E8D000CD5534 /* AddIncomeView.swift in Sources */,
				7C467C422B51E80700CD5534 /* Income.swift in Sources */,
				7C91A3C42B51E5F400234933 /* Xcode_ProjectApp.swift in Sources */,
			);
			runOnlyForDeploymentPostprocessing = 0;
		};
/* End PBXSourcesBuildPhase section */

/* Begin XCBuildConfiguration section */
		7C91A3CC2B51E5F600234933 /* Debug */ = {
			isa = XCBuildConfiguration;
			buildSettings = {
				ALWAYS_SEARCH_USER_PATHS = NO;
				ASSETCATALOG_COMPILER_GENERATE_SWIFT_ASSET_SYMBOL_EXTENSIONS = YES;
				CLANG_ANALYZER_NONNULL = YES;
				CLANG_ANALYZER_NUMBER_OBJECT_CONVERSION = YES_AGGRESSIVE;
				CLANG_CXX_LANGUAGE_STANDARD = "gnu++20";
				CLANG_ENABLE_MODULES = YES;
				CLANG_ENABLE_OBJC_ARC = YES;
				CLANG_ENABLE_OBJC_WEAK = YES;
				CLANG_WARN_BLOCK_CAPTURE_AUTORELEASING = YES;
				CLANG_WARN_BOOL_CONVERSION = YES;
				CLANG_WARN_COMMA = YES;
				CLANG_WARN_CONSTANT_CONVERSION = YES;
				CLANG_WARN_DEPRECATED_OBJC_IMPLEMENTATIONS = YES;
				CLANG_WARN_DIRECT_OBJC_ISA_USAGE = YES_ERROR;
				CLANG_WARN_DOCUMENTATION_COMMENTS = YES;
				CLANG_WARN_EMPTY_BODY = YES;
				CLANG_WARN_ENUM_CONVERSION = YES;
				CLANG_WARN_INFINITE_RECURSION = YES;
				CLANG_WARN_INT_CONVERSION = YES;
				CLANG_WARN_NON_LITERAL_NULL_CONVERSION = YES;
				CLANG_WARN_OBJC_IMPLICIT_RETAIN_SELF = YES;
				CLANG_WARN_OBJC_LITERAL_CONVERSION = YES;
				CLANG_WARN_OBJC_ROOT_CLASS = YES_ERROR;
				CLANG_WARN_QUOTED_INCLUDE_IN_FRAMEWORK_HEADER = YES;
				CLANG_WARN_RANGE_LOOP_ANALYSIS = YES;
				CLANG_WARN_STRICT_PROTOTYPES = YES;
				CLANG_WARN_SUSPICIOUS_MOVE = YES;
				CLANG_WARN_UNGUARDED_AVAILABILITY = YES_AGGRESSIVE;
				CLANG_WARN_UNREACHABLE_CODE = YES;
				CLANG_WARN__DUPLICATE_METHOD_MATCH = YES;
				COPY_PHASE_STRIP = NO;
				DEBUG_INFORMATION_FORMAT = dwarf;
				ENABLE_STRICT_OBJC_MSGSEND = YES;
				ENABLE_TESTABILITY = YES;
				ENABLE_USER_SCRIPT_SANDBOXING = YES;
				GCC_C_LANGUAGE_STANDARD = gnu17;
				GCC_DYNAMIC_NO_PIC = NO;
				GCC_NO_COMMON_BLOCKS = YES;
				GCC_OPTIMIZATION_LEVEL = 0;
				GCC_PREPROCESSOR_DEFINITIONS = (
					"DEBUG=1",
					"$(inherited)",
				);
				GCC_WARN_64_TO_32_BIT_CONVERSION = YES;
				GCC_WARN_ABOUT_RETURN_TYPE = YES_ERROR;
				GCC_WARN_UNDECLARED_SELECTOR = YES;
				GCC_WARN_UNINITIALIZED_AUTOS = YES_AGGRESSIVE;
				GCC_WARN_UNUSED_FUNCTION = YES;
				GCC_WARN_UNUSED_VARIABLE = YES;
				IPHONEOS_DEPLOYMENT_TARGET = 17.2;
				LOCALIZATION_PREFERS_STRING_CATALOGS = YES;
				MTL_ENABLE_DEBUG_INFO = INCLUDE_SOURCE;
				MTL_FAST_MATH = YES;
				ONLY_ACTIVE_ARCH = YES;
				SDKROOT = iphoneos;
				SWIFT_ACTIVE_COMPILATION_CONDITIONS = "DEBUG $(inherited)";
				SWIFT_OPTIMIZATION_LEVEL = "-Onone";
			};
			name = Debug;
		};
		7C91A3CD2B51E5F600234933 /* Release */ = {
			isa = XCBuildConfiguration;
			buildSettings = {
				ALWAYS_SEARCH_USER_PATHS = NO;
				ASSETCATALOG_COMPILER_GENERATE_SWIFT_ASSET_SYMBOL_EXTENSIONS = YES;
				CLANG_ANALYZER_NONNULL = YES;
				CLANG_ANALYZER_NUMBER_OBJECT_CONVERSION = YES_AGGRESSIVE;
				CLANG_CXX_LANGUAGE_STANDARD = "gnu++20";
				CLANG_ENABLE_MODULES = YES;
				CLANG_ENABLE_OBJC_ARC = YES;
				CLANG_ENABLE_OBJC_WEAK = YES;
				CLANG_WARN_BLOCK_CAPTURE_AUTORELEASING = YES;
				CLANG_WARN_BOOL_CONVERSION = YES;
				CLANG_WARN_COMMA = YES;
				CLANG_WARN_CONSTANT_CONVERSION = YES;
				CLANG_WARN_DEPRECATED_OBJC_IMPLEMENTATIONS = YES;
				CLANG_WARN_DIRECT_OBJC_ISA_USAGE = YES_ERROR;
				CLANG_WARN_DOCUMENTATION_COMMENTS = YES;
				CLANG_WARN_EMPTY_BODY = YES;
				CLANG_WARN_ENUM_CONVERSION = YES;
				CLANG_WARN_INFINITE_RECURSION = YES;
				CLANG_WARN_INT_CONVERSION = YES;
				CLANG_WARN_NON_LITERAL_NULL_CONVERSION = YES;
				CLANG_WARN_OBJC_IMPLICIT_RETAIN_SELF = YES;
				CLANG_WARN_OBJC_LITERAL_CONVERSION = YES;
				CLANG_WARN_OBJC_ROOT_CLASS = YES_ERROR;
				CLANG_WARN_QUOTED_INCLUDE_IN_FRAMEWORK_HEADER = YES;
				CLANG_WARN_RANGE_LOOP_ANALYSIS = YES;
				CLANG_WARN_STRICT_PROTOTYPES = YES;
				CLANG_WARN_SUSPICIOUS_MOVE = YES;
				CLANG_WARN_UNGUARDED_AVAILABILITY = YES_AGGRESSIVE;
				CLANG_WARN_UNREACHABLE_CODE = YES;
				CLANG_WARN__DUPLICATE_METHOD_MATCH = YES;
				COPY_PHASE_STRIP = NO;
				DEBUG_INFORMATION_FORMAT = "dwarf-with-dsym";
				ENABLE_NS_ASSERTIONS = NO;
				ENABLE_STRICT_OBJC_MSGSEND = YES;
				ENABLE_USER_SCRIPT_SANDBOXING = YES;
				GCC_C_LANGUAGE_STANDARD = gnu17;
				GCC_NO_COMMON_BLOCKS = YES;
				GCC_WARN_64_TO_32_BIT_CONVERSION = YES;
				GCC_WARN_ABOUT_RETURN_TYPE = YES_ERROR;
				GCC_WARN_UNDECLARED_SELECTOR = YES;
				GCC_WARN_UNINITIALIZED_AUTOS = YES_AGGRESSIVE;
				GCC_WARN_UNUSED_FUNCTION = YES;
				GCC_WARN_UNUSED_VARIABLE = YES;
				IPHONEOS_DEPLOYMENT_TARGET = 17.2;
				LOCALIZATION_PREFERS_STRING_CATALOGS = YES;
				MTL_ENABLE_DEBUG_INFO = NO;
				MTL_FAST_MATH = YES;
				SDKROOT = iphoneos;
				SWIFT_COMPILATION_MODE = wholemodule;
				VALIDATE_PRODUCT = YES;
			};
			name = Release;
		};
		7C91A3CF2B51E5F600234933 /* Debug */ = {
			isa = XCBuildConfiguration;
			buildSettings = {
				ASSETCATALOG_COMPILER_APPICON_NAME = AppIcon;
				ASSETCATALOG_COMPILER_GLOBAL_ACCENT_COLOR_NAME = AccentColor;
				CODE_SIGN_STYLE = Automatic;
				CURRENT_PROJECT_VERSION = 1;
				DEVELOPMENT_ASSET_PATHS = "\"Xcode Project/Preview Content\"";
				DEVELOPMENT_TEAM = 5J5P78Q2Q9;
				ENABLE_PREVIEWS = YES;
				GENERATE_INFOPLIST_FILE = YES;
				INFOPLIST_KEY_UIApplicationSceneManifest_Generation = YES;
				INFOPLIST_KEY_UIApplicationSupportsIndirectInputEvents = YES;
				INFOPLIST_KEY_UILaunchScreen_Generation = YES;
				INFOPLIST_KEY_UISupportedInterfaceOrientations_iPad = "UIInterfaceOrientationPortrait UIInterfaceOrientationPortraitUpsideDown UIInterfaceOrientationLandscapeLeft UIInterfaceOrientationLandscapeRight";
				INFOPLIST_KEY_UISupportedInterfaceOrientations_iPhone = "UIInterfaceOrientationPortrait UIInterfaceOrientationLandscapeLeft UIInterfaceOrientationLandscapeRight";
				LD_RUNPATH_SEARCH_PATHS = (
					"$(inherited)",
					"@executable_path/Frameworks",
				);
				MARKETING_VERSION = 1.0;
				PRODUCT_BUNDLE_IDENTIFIER = "AtticusDesign.Xcode-Project";
				PRODUCT_NAME = "$(TARGET_NAME)";
				SWIFT_EMIT_LOC_STRINGS = YES;
				SWIFT_VERSION = 5.0;
				TARGETED_DEVICE_FAMILY = "1,2";
			};
			name = Debug;
		};
		7C91A3D02B51E5F600234933 /* Release */ = {
			isa = XCBuildConfiguration;
			buildSettings = {
				ASSETCATALOG_COMPILER_APPICON_NAME = AppIcon;
				ASSETCATALOG_COMPILER_GLOBAL_ACCENT_COLOR_NAME = AccentColor;
				CODE_SIGN_STYLE = Automatic;
				CURRENT_PROJECT_VERSION = 1;
				DEVELOPMENT_ASSET_PATHS = "\"Xcode Project/Preview Content\"";
				DEVELOPMENT_TEAM = 5J5P78Q2Q9;
				ENABLE_PREVIEWS = YES;
				GENERATE_INFOPLIST_FILE = YES;
				INFOPLIST_KEY_UIApplicationSceneManifest_Generation = YES;
				INFOPLIST_KEY_UIApplicationSupportsIndirectInputEvents = YES;
				INFOPLIST_KEY_UILaunchScreen_Generation = YES;
				INFOPLIST_KEY_UISupportedInterfaceOrientations_iPad = "UIInterfaceOrientationPortrait UIInterfaceOrientationPortraitUpsideDown UIInterfaceOrientationLandscapeLeft UIInterfaceOrientationLandscapeRight";
				INFOPLIST_KEY_UISupportedInterfaceOrientations_iPhone = "UIInterfaceOrientationPortrait UIInterfaceOrientationLandscapeLeft UIInterfaceOrientationLandscapeRight";
				LD_RUNPATH_SEARCH_PATHS = (
					"$(inherited)",
					"@executable_path/Frameworks",
				);
				MARKETING_VERSION = 1.0;
				PRODUCT_BUNDLE_IDENTIFIER = "AtticusDesign.Xcode-Project";
				PRODUCT_NAME = "$(TARGET_NAME)";
				SWIFT_EMIT_LOC_STRINGS = YES;
				SWIFT_VERSION = 5.0;
				TARGETED_DEVICE_FAMILY = "1,2";
			};
			name = Release;
		};
/* End XCBuildConfiguration section */

/* Begin XCConfigurationList section */
		7C91A3BB2B51E5F400234933 /* Build configuration list for PBXProject "Xcode Project" */ = {
			isa = XCConfigurationList;
			buildConfigurations = (
				7C91A3CC2B51E5F600234933 /* Debug */,
				7C91A3CD2B51E5F600234933 /* Release */,
			);
			defaultConfigurationIsVisible = 0;
			defaultConfigurationName = Release;
		};
		7C91A3CE2B51E5F600234933 /* Build configuration list for PBXNativeTarget "Xcode Project" */ = {
			isa = XCConfigurationList;
			buildConfigurations = (
				7C91A3CF2B51E5F600234933 /* Debug */,
				7C91A3D02B51E5F600234933 /* Release */,
			);
			defaultConfigurationIsVisible = 0;
			defaultConfigurationName = Release;
		};
/* End XCConfigurationList section */
	};
	rootObject = 7C91A3B82B51E5F400234933 /* Project object */;
}
